
Microsoft Visual Studio Solution File, Format Version 12.00
# Visual Studio 15
VisualStudioVersion = 15.0.28307.902
MinimumVisualStudioVersion = 10.0.40219.1
Project("{FAE04EC0-301F-11D3-BF4B-00C04F79EFBC}") = "Seminar_5_winForms", "Seminar_5_winForms\Seminar_5_winForms.csproj", "{A93360A4-AE14-4EF6-A1F7-21794F5E8624}"
EndProject
Global
	GlobalSection(SolutionConfigurationPlatforms) = preSolution
		Debug|Any CPU = Debug|Any CPU
		Release|Any CPU = Release|Any CPU
	EndGlobalSection
	GlobalSection(ProjectConfigurationPlatforms) = postSolution
		{A93360A4-AE14-4EF6-A1F7-21794F5E8624}.Debug|Any CPU.ActiveCfg = Debug|Any CPU
		{A93360A4-AE14-4EF6-A1F7-21794F5E8624}.Debug|Any CPU.Build.0 = Debug|Any CPU
		{A93360A4-AE14-4EF6-A1F7-21794F5E8624}.Release|Any CPU.ActiveCfg = Release|Any CPU
		{A93360A4-AE14-4EF6-A1F7-21794F5E8624}.Release|Any CPU.Build.0 = Release|Any CPU
	EndGlobalSection
	GlobalSection(SolutionProperties) = preSolution
		HideSolutionNode = FALSE
	EndGlobalSection
	GlobalSection(ExtensibilityGlobals) = postSolution
		SolutionGuid = {89007CE5-4079-442F-8DE8-248DBBE46D43}
	EndGlobalSection
EndGlobal
