
Microsoft Visual Studio Solution File, Format Version 12.00
# Visual Studio 15
VisualStudioVersion = 15.0.28307.902
MinimumVisualStudioVersion = 10.0.40219.1
Project("{FAE04EC0-301F-11D3-BF4B-00C04F79EFBC}") = "seminar_3", "seminar_3\seminar_3.csproj", "{B4FF9329-B21F-47DD-B50C-4FF1792A7C48}"
EndProject
Global
	GlobalSection(SolutionConfigurationPlatforms) = preSolution
		Debug|Any CPU = Debug|Any CPU
		Release|Any CPU = Release|Any CPU
	EndGlobalSection
	GlobalSection(ProjectConfigurationPlatforms) = postSolution
		{B4FF9329-B21F-47DD-B50C-4FF1792A7C48}.Debug|Any CPU.ActiveCfg = Debug|Any CPU
		{B4FF9329-B21F-47DD-B50C-4FF1792A7C48}.Debug|Any CPU.Build.0 = Debug|Any CPU
		{B4FF9329-B21F-47DD-B50C-4FF1792A7C48}.Release|Any CPU.ActiveCfg = Release|Any CPU
		{B4FF9329-B21F-47DD-B50C-4FF1792A7C48}.Release|Any CPU.Build.0 = Release|Any CPU
	EndGlobalSection
	GlobalSection(SolutionProperties) = preSolution
		HideSolutionNode = FALSE
	EndGlobalSection
	GlobalSection(ExtensibilityGlobals) = postSolution
		SolutionGuid = {C0029D3B-F01A-4296-8467-B478BD304454}
	EndGlobalSection
EndGlobal
