
Microsoft Visual Studio Solution File, Format Version 12.00
# Visual Studio 15
VisualStudioVersion = 15.0.28307.902
MinimumVisualStudioVersion = 10.0.40219.1
Project("{8BC9CEB8-8B4A-11D0-8D11-00A0C91BC942}") = "semiar_7_online", "semiar_7_online\semiar_7_online.vcxproj", "{30E0E4C6-D450-4A1A-B8F8-BB29681FB6BE}"
EndProject
Global
	GlobalSection(SolutionConfigurationPlatforms) = preSolution
		Debug|x64 = Debug|x64
		Debug|x86 = Debug|x86
		Release|x64 = Release|x64
		Release|x86 = Release|x86
	EndGlobalSection
	GlobalSection(ProjectConfigurationPlatforms) = postSolution
		{30E0E4C6-D450-4A1A-B8F8-BB29681FB6BE}.Debug|x64.ActiveCfg = Debug|x64
		{30E0E4C6-D450-4A1A-B8F8-BB29681FB6BE}.Debug|x64.Build.0 = Debug|x64
		{30E0E4C6-D450-4A1A-B8F8-BB29681FB6BE}.Debug|x86.ActiveCfg = Debug|Win32
		{30E0E4C6-D450-4A1A-B8F8-BB29681FB6BE}.Debug|x86.Build.0 = Debug|Win32
		{30E0E4C6-D450-4A1A-B8F8-BB29681FB6BE}.Release|x64.ActiveCfg = Release|x64
		{30E0E4C6-D450-4A1A-B8F8-BB29681FB6BE}.Release|x64.Build.0 = Release|x64
		{30E0E4C6-D450-4A1A-B8F8-BB29681FB6BE}.Release|x86.ActiveCfg = Release|Win32
		{30E0E4C6-D450-4A1A-B8F8-BB29681FB6BE}.Release|x86.Build.0 = Release|Win32
	EndGlobalSection
	GlobalSection(SolutionProperties) = preSolution
		HideSolutionNode = FALSE
	EndGlobalSection
	GlobalSection(ExtensibilityGlobals) = postSolution
		SolutionGuid = {D20833E9-226A-4D4E-A179-E786FF65C051}
	EndGlobalSection
EndGlobal
